{
  "nodes": {
    "home-manager": {
      "inputs": {
        "nixpkgs": [
          "nixpkgs"
        ]
      },
      "locked": {
        "lastModified": 1730633670,
        "narHash": "sha256-ZFJqIXpvVKvzOVFKWNRDyIyAo+GYdmEPaYi1bZB6uf0=",
        "owner": "nix-community",
        "repo": "home-manager",
        "rev": "8f6ca7855d409aeebe2a582c6fd6b6a8d0bf5661",
        "type": "github"
      },
      "original": {
        "owner": "nix-community",
        "repo": "home-manager",
        "type": "github"
      }
    },
    "impermanence": {
      "locked": {
        "lastModified": 1730403150,
        "narHash": "sha256-W1FH5aJ/GpRCOA7DXT/sJHFpa5r8sq2qAUncWwRZ3Gg=",
        "owner": "nix-community",
        "repo": "impermanence",
        "rev": "0d09341beeaa2367bac5d718df1404bf2ce45e6f",
        "type": "github"
      },
      "original": {
        "owner": "nix-community",
        "repo": "impermanence",
        "type": "github"
      }
    },
    "nixpkgs": {
      "locked": {
        "lastModified": 1730729172,
        "narHash": "sha256-RE6Fgw2FbVzWzRf5FD6LSIqSHTXq/hEm+GIqy7zcoe8=",
        "owner": "NixOS",
        "repo": "nixpkgs",
        "rev": "eb36bf249929bfd7a94c5f9ee0f1972ded7b6931",
        "type": "github"
      },
      "original": {
        "owner": "NixOS",
        "ref": "nixos-unstable-small",
        "repo": "nixpkgs",
        "type": "github"
      }
    },
    "nixpkgs-ostree": {
      "locked": {
        "lastModified": 1730707738,
        "narHash": "sha256-Is8Uw82jAZFKkofgDGF8lZatFyor/0bwv13NRTFcmfw=",
        "owner": "rawkode",
        "repo": "nixpkgs",
        "rev": "76c8e15a8ae9e8df62cdd230491d7fb1a4faa932",
        "type": "github"
      },
      "original": {
        "owner": "rawkode",
        "ref": "chore/update-ostree",
        "repo": "nixpkgs",
        "type": "github"
      }
    },
    "nixpkgs-stable": {
      "locked": {
        "lastModified": 1730602179,
        "narHash": "sha256-efgLzQAWSzJuCLiCaQUCDu4NudNlHdg2NzGLX5GYaEY=",
        "owner": "NixOS",
        "repo": "nixpkgs",
        "rev": "3c2f1c4ca372622cb2f9de8016c9a0b1cbd0f37c",
        "type": "github"
      },
      "original": {
        "owner": "NixOS",
        "ref": "release-24.05",
        "repo": "nixpkgs",
        "type": "github"
      }
    },
    "nixpkgs_2": {
      "locked": {
        "lastModified": 1730272153,
        "narHash": "sha256-B5WRZYsRlJgwVHIV6DvidFN7VX7Fg9uuwkRW9Ha8z+w=",
        "owner": "NixOS",
        "repo": "nixpkgs",
        "rev": "2d2a9ddbe3f2c00747398f3dc9b05f7f2ebb0f53",
        "type": "github"
      },
      "original": {
        "owner": "NixOS",
        "ref": "nixpkgs-unstable",
        "repo": "nixpkgs",
        "type": "github"
      }
    },
    "root": {
      "inputs": {
        "home-manager": "home-manager",
        "impermanence": "impermanence",
        "nixpkgs": "nixpkgs",
        "nixpkgs-ostree": "nixpkgs-ostree",
        "sops-nix": "sops-nix",
        "yemou-scripts": "yemou-scripts"
      }
    },
    "sops-nix": {
      "inputs": {
        "nixpkgs": "nixpkgs_2",
        "nixpkgs-stable": "nixpkgs-stable"
      },
      "locked": {
        "lastModified": 1730746162,
        "narHash": "sha256-ZGmI+3AbT8NkDdBQujF+HIxZ+sWXuyT6X8B49etWY2g=",
        "owner": "Mic92",
        "repo": "sops-nix",
        "rev": "59d6988329626132eaf107761643f55eb979eef1",
        "type": "github"
      },
      "original": {
        "owner": "Mic92",
        "repo": "sops-nix",
        "type": "github"
      }
    },
    "yemou-scripts": {
      "inputs": {
        "nixpkgs": [
          "nixpkgs"
        ]
      },
      "locked": {
        "lastModified": 1726315781,
        "narHash": "sha256-Ac0G0cn3KPWhrAqzpJmOp3+2aMYjqHj6SZINmmn71J4=",
        "ref": "refs/heads/master",
        "rev": "6626995445e12c044bd324d8af51739abaa45b8f",
        "revCount": 29,
        "type": "git",
        "url": "https://codeberg.org/yemou/scripts"
      },
      "original": {
        "type": "git",
        "url": "https://codeberg.org/yemou/scripts"
      }
    }
  },
  "root": "root",
  "version": 7
}
